
Microsoft Visual Studio Solution File, Format Version 12.00
# Visual Studio Version 16
VisualStudioVersion = 16.0.29009.5
MinimumVisualStudioVersion = 10.0.40219.1
Project("{FAE04EC0-301F-11D3-BF4B-00C04F79EFBC}") = "PoC.TestesServicos.API", "src\Poc.ServiceTest.API\PoC.TestesServicos.API.csproj", "{D96D535B-3E42-492D-B889-AC01B6A88FA9}"
EndProject
Project("{FAE04EC0-301F-11D3-BF4B-00C04F79EFBC}") = "PoC.TestesServicos.Core", "src\PoC.TestesServicos.Core\PoC.TestesServicos.Core.csproj", "{5767B573-5F6E-4AFB-B191-048B1E3A4139}"
EndProject
Project("{FAE04EC0-301F-11D3-BF4B-00C04F79EFBC}") = "PoC.TestesServicos.Data", "src\PoC.TestesServicos.Data\PoC.TestesServicos.Data.csproj", "{5A61E0B4-AD7B-4F09-B966-BB82C3D4F34D}"
EndProject
Project("{FAE04EC0-301F-11D3-BF4B-00C04F79EFBC}") = "PoC.TestesServicos.Tests", "src\PoC.TestesServicos.Tests\PoC.TestesServicos.Tests.csproj", "{0E6D8BDD-2354-4D70-BF29-9C205DCF90D3}"
EndProject
Global
	GlobalSection(SolutionConfigurationPlatforms) = preSolution
		Debug|Any CPU = Debug|Any CPU
		Release|Any CPU = Release|Any CPU
	EndGlobalSection
	GlobalSection(ProjectConfigurationPlatforms) = postSolution
		{D96D535B-3E42-492D-B889-AC01B6A88FA9}.Debug|Any CPU.ActiveCfg = Debug|Any CPU
		{D96D535B-3E42-492D-B889-AC01B6A88FA9}.Debug|Any CPU.Build.0 = Debug|Any CPU
		{D96D535B-3E42-492D-B889-AC01B6A88FA9}.Release|Any CPU.ActiveCfg = Release|Any CPU
		{D96D535B-3E42-492D-B889-AC01B6A88FA9}.Release|Any CPU.Build.0 = Release|Any CPU
		{5767B573-5F6E-4AFB-B191-048B1E3A4139}.Debug|Any CPU.ActiveCfg = Debug|Any CPU
		{5767B573-5F6E-4AFB-B191-048B1E3A4139}.Debug|Any CPU.Build.0 = Debug|Any CPU
		{5767B573-5F6E-4AFB-B191-048B1E3A4139}.Release|Any CPU.ActiveCfg = Release|Any CPU
		{5767B573-5F6E-4AFB-B191-048B1E3A4139}.Release|Any CPU.Build.0 = Release|Any CPU
		{5A61E0B4-AD7B-4F09-B966-BB82C3D4F34D}.Debug|Any CPU.ActiveCfg = Debug|Any CPU
		{5A61E0B4-AD7B-4F09-B966-BB82C3D4F34D}.Debug|Any CPU.Build.0 = Debug|Any CPU
		{5A61E0B4-AD7B-4F09-B966-BB82C3D4F34D}.Release|Any CPU.ActiveCfg = Release|Any CPU
		{5A61E0B4-AD7B-4F09-B966-BB82C3D4F34D}.Release|Any CPU.Build.0 = Release|Any CPU
		{0E6D8BDD-2354-4D70-BF29-9C205DCF90D3}.Debug|Any CPU.ActiveCfg = Debug|Any CPU
		{0E6D8BDD-2354-4D70-BF29-9C205DCF90D3}.Debug|Any CPU.Build.0 = Debug|Any CPU
		{0E6D8BDD-2354-4D70-BF29-9C205DCF90D3}.Release|Any CPU.ActiveCfg = Release|Any CPU
		{0E6D8BDD-2354-4D70-BF29-9C205DCF90D3}.Release|Any CPU.Build.0 = Release|Any CPU
	EndGlobalSection
	GlobalSection(SolutionProperties) = preSolution
		HideSolutionNode = FALSE
	EndGlobalSection
	GlobalSection(NestedProjects) = preSolution
	EndGlobalSection
	GlobalSection(ExtensibilityGlobals) = postSolution
		SolutionGuid = {6C11FC8B-DF97-4059-9E8A-86DD675C8622}
	EndGlobalSection
EndGlobal
